
Microsoft Visual Studio Solution File, Format Version 12.00
# Visual Studio Version 16
VisualStudioVersion = 16.0.30907.101
MinimumVisualStudioVersion = 10.0.40219.1
Project("{FAE04EC0-301F-11D3-BF4B-00C04F79EFBC}") = "DependencyInjectionDemo", "DependencyInjectionDemo\DependencyInjectionDemo.csproj", "{1C29AD8C-3D1C-47F7-B6F7-4EFB6B906C24}"
EndProject
Global
	GlobalSection(SolutionConfigurationPlatforms) = preSolution
		Debug|Any CPU = Debug|Any CPU
		Release|Any CPU = Release|Any CPU
	EndGlobalSection
	GlobalSection(ProjectConfigurationPlatforms) = postSolution
		{1C29AD8C-3D1C-47F7-B6F7-4EFB6B906C24}.Debug|Any CPU.ActiveCfg = Debug|Any CPU
		{1C29AD8C-3D1C-47F7-B6F7-4EFB6B906C24}.Debug|Any CPU.Build.0 = Debug|Any CPU
		{1C29AD8C-3D1C-47F7-B6F7-4EFB6B906C24}.Release|Any CPU.ActiveCfg = Release|Any CPU
		{1C29AD8C-3D1C-47F7-B6F7-4EFB6B906C24}.Release|Any CPU.Build.0 = Release|Any CPU
	EndGlobalSection
	GlobalSection(SolutionProperties) = preSolution
		HideSolutionNode = FALSE
	EndGlobalSection
	GlobalSection(ExtensibilityGlobals) = postSolution
		SolutionGuid = {03A25D56-FE06-4EFC-BA4E-3317AD0E64C2}
	EndGlobalSection
EndGlobal
