
Microsoft Visual Studio Solution File, Format Version 12.00
# Visual Studio Version 16
VisualStudioVersion = 16.0.31613.86
MinimumVisualStudioVersion = 10.0.40219.1
Project("{FAE04EC0-301F-11D3-BF4B-00C04F79EFBC}") = "VCdemo", "VCdemo\VCdemo.csproj", "{F6290295-0263-4772-8EFB-3E3AB3114C11}"
EndProject
Global
	GlobalSection(SolutionConfigurationPlatforms) = preSolution
		Debug|Any CPU = Debug|Any CPU
		Release|Any CPU = Release|Any CPU
	EndGlobalSection
	GlobalSection(ProjectConfigurationPlatforms) = postSolution
		{F6290295-0263-4772-8EFB-3E3AB3114C11}.Debug|Any CPU.ActiveCfg = Debug|Any CPU
		{F6290295-0263-4772-8EFB-3E3AB3114C11}.Debug|Any CPU.Build.0 = Debug|Any CPU
		{F6290295-0263-4772-8EFB-3E3AB3114C11}.Release|Any CPU.ActiveCfg = Release|Any CPU
		{F6290295-0263-4772-8EFB-3E3AB3114C11}.Release|Any CPU.Build.0 = Release|Any CPU
	EndGlobalSection
	GlobalSection(SolutionProperties) = preSolution
		HideSolutionNode = FALSE
	EndGlobalSection
	GlobalSection(ExtensibilityGlobals) = postSolution
		SolutionGuid = {AB0D36AB-8C41-43D4-AB74-C1AB722B1894}
	EndGlobalSection
EndGlobal
