
Microsoft Visual Studio Solution File, Format Version 12.00
# Visual Studio Version 16
VisualStudioVersion = 16.0.30907.101
MinimumVisualStudioVersion = 10.0.40219.1
Project("{FAE04EC0-301F-11D3-BF4B-00C04F79EFBC}") = "EDMCrud", "EDMCrud\EDMCrud.csproj", "{5B146733-4B39-4CAA-9E09-DBF02F56489D}"
EndProject
Global
	GlobalSection(SolutionConfigurationPlatforms) = preSolution
		Debug|Any CPU = Debug|Any CPU
		Release|Any CPU = Release|Any CPU
	EndGlobalSection
	GlobalSection(ProjectConfigurationPlatforms) = postSolution
		{5B146733-4B39-4CAA-9E09-DBF02F56489D}.Debug|Any CPU.ActiveCfg = Debug|Any CPU
		{5B146733-4B39-4CAA-9E09-DBF02F56489D}.Debug|Any CPU.Build.0 = Debug|Any CPU
		{5B146733-4B39-4CAA-9E09-DBF02F56489D}.Release|Any CPU.ActiveCfg = Release|Any CPU
		{5B146733-4B39-4CAA-9E09-DBF02F56489D}.Release|Any CPU.Build.0 = Release|Any CPU
	EndGlobalSection
	GlobalSection(SolutionProperties) = preSolution
		HideSolutionNode = FALSE
	EndGlobalSection
	GlobalSection(ExtensibilityGlobals) = postSolution
		SolutionGuid = {F73F4915-E09B-4958-8720-9F18A73DD93E}
	EndGlobalSection
EndGlobal
