
Microsoft Visual Studio Solution File, Format Version 12.00
# Visual Studio Version 16
VisualStudioVersion = 16.0.30907.101
MinimumVisualStudioVersion = 10.0.40219.1
Project("{FAE04EC0-301F-11D3-BF4B-00C04F79EFBC}") = "AccessRouteDataObjectValues", "AccessRouteDataObjectValues\AccessRouteDataObjectValues.csproj", "{2C3B7104-9043-42C4-90C3-C53521CA3D48}"
EndProject
Global
	GlobalSection(SolutionConfigurationPlatforms) = preSolution
		Debug|Any CPU = Debug|Any CPU
		Release|Any CPU = Release|Any CPU
	EndGlobalSection
	GlobalSection(ProjectConfigurationPlatforms) = postSolution
		{2C3B7104-9043-42C4-90C3-C53521CA3D48}.Debug|Any CPU.ActiveCfg = Debug|Any CPU
		{2C3B7104-9043-42C4-90C3-C53521CA3D48}.Debug|Any CPU.Build.0 = Debug|Any CPU
		{2C3B7104-9043-42C4-90C3-C53521CA3D48}.Release|Any CPU.ActiveCfg = Release|Any CPU
		{2C3B7104-9043-42C4-90C3-C53521CA3D48}.Release|Any CPU.Build.0 = Release|Any CPU
	EndGlobalSection
	GlobalSection(SolutionProperties) = preSolution
		HideSolutionNode = FALSE
	EndGlobalSection
	GlobalSection(ExtensibilityGlobals) = postSolution
		SolutionGuid = {EAA25B15-3531-451B-A176-C7BD8C792C23}
	EndGlobalSection
EndGlobal
